// !$*UTF8*$!
{
	archiveVersion = 1;
	classes = {
	};
	objectVersion = 48;
	objects = {

/* Begin PBXBuildFile section */
		8134F0BC1F978A0600978E89 /* AppDelegate.m in Sources */ = {isa = PBXBuildFile; fileRef = 8134F0BB1F978A0600978E89 /* AppDelegate.m */; };
		8134F0BF1F978A0600978E89 /* ViewController.m in Sources */ = {isa = PBXBuildFile; fileRef = 8134F0BE1F978A0600978E89 /* ViewController.m */; };
		8134F0C21F978A0600978E89 /* Main.storyboard in Resources */ = {isa = PBXBuildFile; fileRef = 8134F0C01F978A0600978E89 /* Main.storyboard */; };
		8134F0C41F978A0600978E89 /* Assets.xcassets in Resources */ = {isa = PBXBuildFile; fileRef = 8134F0C31F978A0600978E89 /* Assets.xcassets */; };
		8134F0C71F978A0600978E89 /* LaunchScreen.storyboard in Resources */ = {isa = PBXBuildFile; fileRef = 8134F0C51F978A0600978E89 /* LaunchScreen.storyboard */; };
		8134F0CA1F978A0600978E89 /* main.m in Sources */ = {isa = PBXBuildFile; fileRef = 8134F0C91F978A0600978E89 /* main.m */; };
		8134F0D11F978B1300978E89 /* CLRollingCycleView.podspec in Resources */ = {isa = PBXBuildFile; fileRef = 8134F0D01F978B1300978E89 /* CLRollingCycleView.podspec */; };
/* End PBXBuildFile section */

/* Begin PBXFileReference section */
		8134F0B71F978A0600978E89 /* CLRollingCycleView.app */ = {isa = PBXFileReference; explicitFileType = wrapper.application; includeInIndex = 0; path = CLRollingCycleView.app; sourceTree = BUILT_PRODUCTS_DIR; };
		8134F0BA1F978A0600978E89 /* AppDelegate.h */ = {isa = PBXFileReference; lastKnownFileType = sourcecode.c.h; path = AppDelegate.h; sourceTree = "<group>"; };
		8134F0BB1F978A0600978E89 /* AppDelegate.m */ = {isa = PBXFileReference; lastKnownFileType = sourcecode.c.objc; path = AppDelegate.m; sourceTree = "<group>"; };
		8134F0BD1F978A0600978E89 /* ViewController.h */ = {isa = PBXFileReference; lastKnownFileType = sourcecode.c.h; path = ViewController.h; sourceTree = "<group>"; };
		8134F0BE1F978A0600978E89 /* ViewController.m */ = {isa = PBXFileReference; lastKnownFileType = sourcecode.c.objc; path = ViewController.m; sourceTree = "<group>"; };
		8134F0C11F978A0600978E89 /* Base */ = {isa = PBXFileReference; lastKnownFileType = file.storyboard; name = Base; path = Base.lproj/Main.storyboard; sourceTree = "<group>"; };
		8134F0C31F978A0600978E89 /* Assets.xcassets */ = {isa = PBXFileReference; lastKnownFileType = folder.assetcatalog; path = Assets.xcassets; sourceTree = "<group>"; };
		8134F0C61F978A0600978E89 /* Base */ = {isa = PBXFileReference; lastKnownFileType = file.storyboard; name = Base; path = Base.lproj/LaunchScreen.storyboard; sourceTree = "<group>"; };
		8134F0C81F978A0600978E89 /* Info.plist */ = {isa = PBXFileReference; lastKnownFileType = text.plist.xml; path = Info.plist; sourceTree = "<group>"; };
		8134F0C91F978A0600978E89 /* main.m */ = {isa = PBXFileReference; lastKnownFileType = sourcecode.c.objc; path = main.m; sourceTree = "<group>"; };
		8134F0D01F978B1300978E89 /* CLRollingCycleView.podspec */ = {isa = PBXFileReference; fileEncoding = 4; lastKnownFileType = text; path = CLRollingCycleView.podspec; sourceTree = "<group>"; };
/* End PBXFileReference section */

/* Begin PBXFrameworksBuildPhase section */
		8134F0B41F978A0600978E89 /* Frameworks */ = {
			isa = PBXFrameworksBuildPhase;
			buildActionMask = 2147483647;
			files = (
			);
			runOnlyForDeploymentPostprocessing = 0;
		};
/* End PBXFrameworksBuildPhase section */

/* Begin PBXGroup section */
		8134F0AE1F978A0500978E89 = {
			isa = PBXGroup;
			children = (
				8134F0D01F978B1300978E89 /* CLRollingCycleView.podspec */,
				8134F0B91F978A0600978E89 /* CLRollingCycleView */,
				8134F0B81F978A0600978E89 /* Products */,
			);
			sourceTree = "<group>";
		};
		8134F0B81F978A0600978E89 /* Products */ = {
			isa = PBXGroup;
			children = (
				8134F0B71F978A0600978E89 /* CLRollingCycleView.app */,
			);
			name = Products;
			sourceTree = "<group>";
		};
		8134F0B91F978A0600978E89 /* CLRollingCycleView */ = {
			isa = PBXGroup;
			children = (
				8134F0BA1F978A0600978E89 /* AppDelegate.h */,
				8134F0BB1F978A0600978E89 /* AppDelegate.m */,
				8134F0BD1F978A0600978E89 /* ViewController.h */,
				8134F0BE1F978A0600978E89 /* ViewController.m */,
				8134F0C01F978A0600978E89 /* Main.storyboard */,
				8134F0C31F978A0600978E89 /* Assets.xcassets */,
				8134F0C51F978A0600978E89 /* LaunchScreen.storyboard */,
				8134F0C81F978A0600978E89 /* Info.plist */,
				8134F0C91F978A0600978E89 /* main.m */,
			);
			path = CLRollingCycleView;
			sourceTree = "<group>";
		};
/* End PBXGroup section */

/* Begin PBXNativeTarget section */
		8134F0B61F978A0600978E89 /* CLRollingCycleView */ = {
			isa = PBXNativeTarget;
			buildConfigurationList = 8134F0CD1F978A0600978E89 /* Build configuration list for PBXNativeTarget "CLRollingCycleView" */;
			buildPhases = (
				8134F0B31F978A0600978E89 /* Sources */,
				8134F0B41F978A0600978E89 /* Frameworks */,
				8134F0B51F978A0600978E89 /* Resources */,
			);
			buildRules = (
			);
			dependencies = (
			);
			name = CLRollingCycleView;
			productName = CLRollingCycleView;
			productReference = 8134F0B71F978A0600978E89 /* CLRollingCycleView.app */;
			productType = "com.apple.product-type.application";
		};
/* End PBXNativeTarget section */

/* Begin PBXProject section */
		8134F0AF1F978A0500978E89 /* Project object */ = {
			isa = PBXProject;
			attributes = {
				LastUpgradeCheck = 0900;
				ORGANIZATIONNAME = chenxiaosong;
				TargetAttributes = {
					8134F0B61F978A0600978E89 = {
						CreatedOnToolsVersion = 9.0;
						ProvisioningStyle = Automatic;
					};
				};
			};
			buildConfigurationList = 8134F0B21F978A0500978E89 /* Build configuration list for PBXProject "CLRollingCycleView" */;
			compatibilityVersion = "Xcode 8.0";
			developmentRegion = en;
			hasScannedForEncodings = 0;
			knownRegions = (
				en,
				Base,
			);
			mainGroup = 8134F0AE1F978A0500978E89;
			productRefGroup = 8134F0B81F978A0600978E89 /* Products */;
			projectDirPath = "";
			projectRoot = "";
			targets = (
				8134F0B61F978A0600978E89 /* CLRollingCycleView */,
			);
		};
/* End PBXProject section */

/* Begin PBXResourcesBuildPhase section */
		8134F0B51F978A0600978E89 /* Resources */ = {
			isa = PBXResourcesBuildPhase;
			buildActionMask = 2147483647;
			files = (
				8134F0C71F978A0600978E89 /* LaunchScreen.storyboard in Resources */,
				8134F0C41F978A0600978E89 /* Assets.xcassets in Resources */,
				8134F0C21F978A0600978E89 /* Main.storyboard in Resources */,
				8134F0D11F978B1300978E89 /* CLRollingCycleView.podspec in Resources */,
			);
			runOnlyForDeploymentPostprocessing = 0;
		};
/* End PBXResourcesBuildPhase section */

/* Begin PBXSourcesBuildPhase section */
		8134F0B31F978A0600978E89 /* Sources */ = {
			isa = PBXSourcesBuildPhase;
			buildActionMask = 2147483647;
			files = (
				8134F0BF1F978A0600978E89 /* ViewController.m in Sources */,
				8134F0CA1F978A0600978E89 /* main.m in Sources */,
				8134F0BC1F978A0600978E89 /* AppDelegate.m in Sources */,
			);
			runOnlyForDeploymentPostprocessing = 0;
		};
/* End PBXSourcesBuildPhase section */

/* Begin PBXVariantGroup section */
		8134F0C01F978A0600978E89 /* Main.storyboard */ = {
			isa = PBXVariantGroup;
			children = (
				8134F0C11F978A0600978E89 /* Base */,
			);
			name = Main.storyboard;
			sourceTree = "<group>";
		};
		8134F0C51F978A0600978E89 /* LaunchScreen.storyboard */ = {
			isa = PBXVariantGroup;
			children = (
				8134F0C61F978A0600978E89 /* Base */,
			);
			name = LaunchScreen.storyboard;
			sourceTree = "<group>";
		};
/* End PBXVariantGroup section */

/* Begin XCBuildConfiguration section */
		8134F0CB1F978A0600978E89 /* Debug */ = {
			isa = XCBuildConfiguration;
			buildSettings = {
				ALWAYS_SEARCH_USER_PATHS = NO;
				CLANG_ANALYZER_NONNULL = YES;
				CLANG_ANALYZER_NUMBER_OBJECT_CONVERSION = YES_AGGRESSIVE;
				CLANG_CXX_LANGUAGE_STANDARD = "gnu++14";
				CLANG_CXX_LIBRARY = "libc++";
				CLANG_ENABLE_MODULES = YES;
				CLANG_ENABLE_OBJC_ARC = YES;
				CLANG_WARN_BLOCK_CAPTURE_AUTORELEASING = YES;
				CLANG_WARN_BOOL_CONVERSION = YES;
				CLANG_WARN_COMMA = YES;
				CLANG_WARN_CONSTANT_CONVERSION = YES;
				CLANG_WARN_DIRECT_OBJC_ISA_USAGE = YES_ERROR;
				CLANG_WARN_DOCUMENTATION_COMMENTS = YES;
				CLANG_WARN_EMPTY_BODY = YES;
				CLANG_WARN_ENUM_CONVERSION = YES;
				CLANG_WARN_INFINITE_RECURSION = YES;
				CLANG_WARN_INT_CONVERSION = YES;
				CLANG_WARN_NON_LITERAL_NULL_CONVERSION = YES;
				CLANG_WARN_OBJC_LITERAL_CONVERSION = YES;
				CLANG_WARN_OBJC_ROOT_CLASS = YES_ERROR;
				CLANG_WARN_RANGE_LOOP_ANALYSIS = YES;
				CLANG_WARN_STRICT_PROTOTYPES = YES;
				CLANG_WARN_SUSPICIOUS_MOVE = YES;
				CLANG_WARN_UNGUARDED_AVAILABILITY = YES_AGGRESSIVE;
				CLANG_WARN_UNREACHABLE_CODE = YES;
				CLANG_WARN__DUPLICATE_METHOD_MATCH = YES;
				CODE_SIGN_IDENTITY = "iPhone Developer";
				COPY_PHASE_STRIP = NO;
				DEBUG_INFORMATION_FORMAT = dwarf;
				ENABLE_STRICT_OBJC_MSGSEND = YES;
				ENABLE_TESTABILITY = YES;
				GCC_C_LANGUAGE_STANDARD = gnu11;
				GCC_DYNAMIC_NO_PIC = NO;
				GCC_NO_COMMON_BLOCKS = YES;
				GCC_OPTIMIZATION_LEVEL = 0;
				GCC_PREPROCESSOR_DEFINITIONS = (
					"DEBUG=1",
					"$(inherited)",
				);
				GCC_WARN_64_TO_32_BIT_CONVERSION = YES;
				GCC_WARN_ABOUT_RETURN_TYPE = YES_ERROR;
				GCC_WARN_UNDECLARED_SELECTOR = YES;
				GCC_WARN_UNINITIALIZED_AUTOS = YES_AGGRESSIVE;
				GCC_WARN_UNUSED_FUNCTION = YES;
				GCC_WARN_UNUSED_VARIABLE = YES;
				IPHONEOS_DEPLOYMENT_TARGET = 11.0;
				MTL_ENABLE_DEBUG_INFO = YES;
				ONLY_ACTIVE_ARCH = YES;
				SDKROOT = iphoneos;
			};
			name = Debug;
		};
		8134F0CC1F978A0600978E89 /* Release */ = {
			isa = XCBuildConfiguration;
			buildSettings = {
				ALWAYS_SEARCH_USER_PATHS = NO;
				CLANG_ANALYZER_NONNULL = YES;
				CLANG_ANALYZER_NUMBER_OBJECT_CONVERSION = YES_AGGRESSIVE;
				CLANG_CXX_LANGUAGE_STANDARD = "gnu++14";
				CLANG_CXX_LIBRARY = "libc++";
				CLANG_ENABLE_MODULES = YES;
				CLANG_ENABLE_OBJC_ARC = YES;
				CLANG_WARN_BLOCK_CAPTURE_AUTORELEASING = YES;
				CLANG_WARN_BOOL_CONVERSION = YES;
				CLANG_WARN_COMMA = YES;
				CLANG_WARN_CONSTANT_CONVERSION = YES;
				CLANG_WARN_DIRECT_OBJC_ISA_USAGE = YES_ERROR;
				CLANG_WARN_DOCUMENTATION_COMMENTS = YES;
				CLANG_WARN_EMPTY_BODY = YES;
				CLANG_WARN_ENUM_CONVERSION = YES;
				CLANG_WARN_INFINITE_RECURSION = YES;
				CLANG_WARN_INT_CONVERSION = YES;
				CLANG_WARN_NON_LITERAL_NULL_CONVERSION = YES;
				CLANG_WARN_OBJC_LITERAL_CONVERSION = YES;
				CLANG_WARN_OBJC_ROOT_CLASS = YES_ERROR;
				CLANG_WARN_RANGE_LOOP_ANALYSIS = YES;
				CLANG_WARN_STRICT_PROTOTYPES = YES;
				CLANG_WARN_SUSPICIOUS_MOVE = YES;
				CLANG_WARN_UNGUARDED_AVAILABILITY = YES_AGGRESSIVE;
				CLANG_WARN_UNREACHABLE_CODE = YES;
				CLANG_WARN__DUPLICATE_METHOD_MATCH = YES;
				CODE_SIGN_IDENTITY = "iPhone Developer";
				COPY_PHASE_STRIP = NO;
				DEBUG_INFORMATION_FORMAT = "dwarf-with-dsym";
				ENABLE_NS_ASSERTIONS = NO;
				ENABLE_STRICT_OBJC_MSGSEND = YES;
				GCC_C_LANGUAGE_STANDARD = gnu11;
				GCC_NO_COMMON_BLOCKS = YES;
				GCC_WARN_64_TO_32_BIT_CONVERSION = YES;
				GCC_WARN_ABOUT_RETURN_TYPE = YES_ERROR;
				GCC_WARN_UNDECLARED_SELECTOR = YES;
				GCC_WARN_UNINITIALIZED_AUTOS = YES_AGGRESSIVE;
				GCC_WARN_UNUSED_FUNCTION = YES;
				GCC_WARN_UNUSED_VARIABLE = YES;
				IPHONEOS_DEPLOYMENT_TARGET = 11.0;
				MTL_ENABLE_DEBUG_INFO = NO;
				SDKROOT = iphoneos;
				VALIDATE_PRODUCT = YES;
			};
			name = Release;
		};
		8134F0CE1F978A0600978E89 /* Debug */ = {
			isa = XCBuildConfiguration;
			buildSettings = {
				ASSETCATALOG_COMPILER_APPICON_NAME = AppIcon;
				CODE_SIGN_STYLE = Automatic;
				DEVELOPMENT_TEAM = 28Z3NQ8CYP;
				INFOPLIST_FILE = CLRollingCycleView/Info.plist;
				LD_RUNPATH_SEARCH_PATHS = "$(inherited) @executable_path/Frameworks";
				PRODUCT_BUNDLE_IDENTIFIER = com.hellosns.CLRollingCycleView;
				PRODUCT_NAME = "$(TARGET_NAME)";
				TARGETED_DEVICE_FAMILY = "1,2";
			};
			name = Debug;
		};
		8134F0CF1F978A0600978E89 /* Release */ = {
			isa = XCBuildConfiguration;
			buildSettings = {
				ASSETCATALOG_COMPILER_APPICON_NAME = AppIcon;
				CODE_SIGN_STYLE = Automatic;
				DEVELOPMENT_TEAM = 28Z3NQ8CYP;
				INFOPLIST_FILE = CLRollingCycleView/Info.plist;
				LD_RUNPATH_SEARCH_PATHS = "$(inherited) @executable_path/Frameworks";
				PRODUCT_BUNDLE_IDENTIFIER = com.hellosns.CLRollingCycleView;
				PRODUCT_NAME = "$(TARGET_NAME)";
				TARGETED_DEVICE_FAMILY = "1,2";
			};
			name = Release;
		};
/* End XCBuildConfiguration section */

/* Begin XCConfigurationList section */
		8134F0B21F978A0500978E89 /* Build configuration list for PBXProject "CLRollingCycleView" */ = {
			isa = XCConfigurationList;
			buildConfigurations = (
				8134F0CB1F978A0600978E89 /* Debug */,
				8134F0CC1F978A0600978E89 /* Release */,
			);
			defaultConfigurationIsVisible = 0;
			defaultConfigurationName = Release;
		};
		8134F0CD1F978A0600978E89 /* Build configuration list for PBXNativeTarget "CLRollingCycleView" */ = {
			isa = XCConfigurationList;
			buildConfigurations = (
				8134F0CE1F978A0600978E89 /* Debug */,
				8134F0CF1F978A0600978E89 /* Release */,
			);
			defaultConfigurationIsVisible = 0;
			defaultConfigurationName = Release;
		};
/* End XCConfigurationList section */
	};
	rootObject = 8134F0AF1F978A0500978E89 /* Project object */;
}
